
Microsoft Visual Studio Solution File, Format Version 12.00
# Visual Studio Version 17
VisualStudioVersion = 17.3.32819.101
MinimumVisualStudioVersion = 10.0.40219.1
Project("{9A19103F-16F7-4668-BE54-9A1E7A4F7556}") = "SCS-Calc 2.0", "SCS-Calc 2.0\SCS-Calc 2.0.csproj", "{5697D655-F6B7-4460-BCCB-F8FD6EA60FBF}"
EndProject
Project("{FAE04EC0-301F-11D3-BF4B-00C04F79EFBC}") = "SCSCalcExceptionClassLibrary", "SCSCalcExceptionClassLibrary\SCSCalcExceptionClassLibrary.csproj", "{7995DD9C-462E-4BCE-8FBD-62DB9305A644}"
EndProject
Project("{FAE04EC0-301F-11D3-BF4B-00C04F79EFBC}") = "SCSCalcParametersClassLibrary", "SCSCalcParametersClassLibrary\SCSCalcParametersClassLibrary.csproj", "{BBD3E7FB-CC82-4238-88AA-4EA553833A73}"
EndProject
Global
	GlobalSection(SolutionConfigurationPlatforms) = preSolution
		Debug|Any CPU = Debug|Any CPU
		Release|Any CPU = Release|Any CPU
	EndGlobalSection
	GlobalSection(ProjectConfigurationPlatforms) = postSolution
		{5697D655-F6B7-4460-BCCB-F8FD6EA60FBF}.Debug|Any CPU.ActiveCfg = Debug|Any CPU
		{5697D655-F6B7-4460-BCCB-F8FD6EA60FBF}.Debug|Any CPU.Build.0 = Debug|Any CPU
		{5697D655-F6B7-4460-BCCB-F8FD6EA60FBF}.Release|Any CPU.ActiveCfg = Release|Any CPU
		{5697D655-F6B7-4460-BCCB-F8FD6EA60FBF}.Release|Any CPU.Build.0 = Release|Any CPU
		{7995DD9C-462E-4BCE-8FBD-62DB9305A644}.Debug|Any CPU.ActiveCfg = Debug|Any CPU
		{7995DD9C-462E-4BCE-8FBD-62DB9305A644}.Debug|Any CPU.Build.0 = Debug|Any CPU
		{7995DD9C-462E-4BCE-8FBD-62DB9305A644}.Release|Any CPU.ActiveCfg = Release|Any CPU
		{7995DD9C-462E-4BCE-8FBD-62DB9305A644}.Release|Any CPU.Build.0 = Release|Any CPU
		{BBD3E7FB-CC82-4238-88AA-4EA553833A73}.Debug|Any CPU.ActiveCfg = Debug|Any CPU
		{BBD3E7FB-CC82-4238-88AA-4EA553833A73}.Debug|Any CPU.Build.0 = Debug|Any CPU
		{BBD3E7FB-CC82-4238-88AA-4EA553833A73}.Release|Any CPU.ActiveCfg = Release|Any CPU
		{BBD3E7FB-CC82-4238-88AA-4EA553833A73}.Release|Any CPU.Build.0 = Release|Any CPU
	EndGlobalSection
	GlobalSection(SolutionProperties) = preSolution
		HideSolutionNode = FALSE
	EndGlobalSection
	GlobalSection(ExtensibilityGlobals) = postSolution
		SolutionGuid = {A10473DE-3137-4816-B483-09266F3D3534}
	EndGlobalSection
EndGlobal
